
Microsoft Visual Studio Solution File, Format Version 12.00
# Visual Studio Version 17
VisualStudioVersion = 17.14.36616.10 d17.14
MinimumVisualStudioVersion = 10.0.40219.1
Project("{FAE04EC0-301F-11D3-BF4B-00C04F79EFBC}") = "ConsoleApp2", "ConsoleApp2\ConsoleApp2.csproj", "{98AC8E5C-C7DD-4570-8177-202142AFFBD0}"
EndProject
Global
	GlobalSection(SolutionConfigurationPlatforms) = preSolution
		Debug|Any CPU = Debug|Any CPU
		Release|Any CPU = Release|Any CPU
	EndGlobalSection
	GlobalSection(ProjectConfigurationPlatforms) = postSolution
		{98AC8E5C-C7DD-4570-8177-202142AFFBD0}.Debug|Any CPU.ActiveCfg = Debug|Any CPU
		{98AC8E5C-C7DD-4570-8177-202142AFFBD0}.Debug|Any CPU.Build.0 = Debug|Any CPU
		{98AC8E5C-C7DD-4570-8177-202142AFFBD0}.Release|Any CPU.ActiveCfg = Release|Any CPU
		{98AC8E5C-C7DD-4570-8177-202142AFFBD0}.Release|Any CPU.Build.0 = Release|Any CPU
	EndGlobalSection
	GlobalSection(SolutionProperties) = preSolution
		HideSolutionNode = FALSE
	EndGlobalSection
	GlobalSection(ExtensibilityGlobals) = postSolution
		SolutionGuid = {F6D2D36A-29DB-4B7E-B83D-16F50DC8147D}
	EndGlobalSection
EndGlobal
